
Microsoft Visual Studio Solution File, Format Version 12.00
# Visual Studio Version 17
VisualStudioVersion = 17.11.35208.52
MinimumVisualStudioVersion = 10.0.40219.1
Project("{FAE04EC0-301F-11D3-BF4B-00C04F79EFBC}") = "AsyncBindingProblem", "AsyncBindingProblem\AsyncBindingProblem.csproj", "{A6F2CAE4-6367-4A4B-B46D-765A8CE2D36A}"
EndProject
Global
	GlobalSection(SolutionConfigurationPlatforms) = preSolution
		Debug|Any CPU = Debug|Any CPU
		Release|Any CPU = Release|Any CPU
	EndGlobalSection
	GlobalSection(ProjectConfigurationPlatforms) = postSolution
		{A6F2CAE4-6367-4A4B-B46D-765A8CE2D36A}.Debug|Any CPU.ActiveCfg = Debug|Any CPU
		{A6F2CAE4-6367-4A4B-B46D-765A8CE2D36A}.Debug|Any CPU.Build.0 = Debug|Any CPU
		{A6F2CAE4-6367-4A4B-B46D-765A8CE2D36A}.Release|Any CPU.ActiveCfg = Release|Any CPU
		{A6F2CAE4-6367-4A4B-B46D-765A8CE2D36A}.Release|Any CPU.Build.0 = Release|Any CPU
	EndGlobalSection
	GlobalSection(SolutionProperties) = preSolution
		HideSolutionNode = FALSE
	EndGlobalSection
	GlobalSection(ExtensibilityGlobals) = postSolution
		SolutionGuid = {89A9DB34-0063-40FE-9104-E6E5F128DC99}
	EndGlobalSection
EndGlobal
